
Microsoft Visual Studio Solution File, Format Version 12.00
Project("{FAE04EC0-301F-11D3-BF4B-00C04F79EFBC}") = "CollegeTimetableSyncApp", "CollegeTimetableSyncApp\CollegeTimetableSyncApp.csproj", "{5D988376-47FA-4A7E-AEDD-661F0221ADEC}"
EndProject
Global
	GlobalSection(SolutionConfigurationPlatforms) = preSolution
		Debug|Any CPU = Debug|Any CPU
		Release|Any CPU = Release|Any CPU
	EndGlobalSection
	GlobalSection(ProjectConfigurationPlatforms) = postSolution
		{5D988376-47FA-4A7E-AEDD-661F0221ADEC}.Debug|Any CPU.ActiveCfg = Debug|Any CPU
		{5D988376-47FA-4A7E-AEDD-661F0221ADEC}.Debug|Any CPU.Build.0 = Debug|Any CPU
		{5D988376-47FA-4A7E-AEDD-661F0221ADEC}.Release|Any CPU.ActiveCfg = Release|Any CPU
		{5D988376-47FA-4A7E-AEDD-661F0221ADEC}.Release|Any CPU.Build.0 = Release|Any CPU
	EndGlobalSection
EndGlobal
